// !$*UTF8*$!
{
	archiveVersion = 1;
	classes = {
	};
	objectVersion = 46;
	objects = {

/* Begin PBXBuildFile section */
		48D4808C1AD595C2002A4C12 /* GoogleMaps.framework in Frameworks */ = {isa = PBXBuildFile; fileRef = 48D47FD11AD595C2002A4C12 /* GoogleMaps.framework */; };
		48D4808D1AD595C2002A4C12 /* GoogleMaps.framework in Frameworks */ = {isa = PBXBuildFile; fileRef = 48D47FD11AD595C2002A4C12 /* GoogleMaps.framework */; };
		F44394CD1AB3668800C1D4F5 /* main.m in Sources */ = {isa = PBXBuildFile; fileRef = F44394CC1AB3668800C1D4F5 /* main.m */; };
		F44394D01AB3668800C1D4F5 /* AppDelegate.m in Sources */ = {isa = PBXBuildFile; fileRef = F44394CF1AB3668800C1D4F5 /* AppDelegate.m */; };
		F44394D31AB3668800C1D4F5 /* ViewController.m in Sources */ = {isa = PBXBuildFile; fileRef = F44394D21AB3668800C1D4F5 /* ViewController.m */; };
		F44394D61AB3668800C1D4F5 /* Main.storyboard in Resources */ = {isa = PBXBuildFile; fileRef = F44394D41AB3668800C1D4F5 /* Main.storyboard */; };
		F44394D81AB3668800C1D4F5 /* Images.xcassets in Resources */ = {isa = PBXBuildFile; fileRef = F44394D71AB3668800C1D4F5 /* Images.xcassets */; };
		F44394DB1AB3668800C1D4F5 /* LaunchScreen.xib in Resources */ = {isa = PBXBuildFile; fileRef = F44394D91AB3668800C1D4F5 /* LaunchScreen.xib */; };
		F44394E71AB3668800C1D4F5 /* Mobile_Application_II_ProjectTests.m in Sources */ = {isa = PBXBuildFile; fileRef = F44394E61AB3668800C1D4F5 /* Mobile_Application_II_ProjectTests.m */; };
		F467E5FB1AD1F6A700EA6C96 /* Statements.m in Sources */ = {isa = PBXBuildFile; fileRef = F467E5FA1AD1F6A700EA6C96 /* Statements.m */; };
		F467E5FE1AD1F80900EA6C96 /* DisplayStatements.m in Sources */ = {isa = PBXBuildFile; fileRef = F467E5FD1AD1F80900EA6C96 /* DisplayStatements.m */; };
		F467E6011AD1F87C00EA6C96 /* DownloadAndDisplayStatements.m in Sources */ = {isa = PBXBuildFile; fileRef = F467E6001AD1F87C00EA6C96 /* DownloadAndDisplayStatements.m */; };
		F467E6051AD1FB2D00EA6C96 /* Statement.m in Sources */ = {isa = PBXBuildFile; fileRef = F467E6041AD1FB2D00EA6C96 /* Statement.m */; };
		F48DF8CD1AD1C8C2009BF024 /* libsqlite3.dylib in Frameworks */ = {isa = PBXBuildFile; fileRef = F48DF8CC1AD1C8C2009BF024 /* libsqlite3.dylib */; };
		F48E64C31AD1BE25006E411C /* DBManager.m in Sources */ = {isa = PBXBuildFile; fileRef = F48E64C21AD1BE25006E411C /* DBManager.m */; };
		F48E64C51AD1C270006E411C /* MapKit.framework in Frameworks */ = {isa = PBXBuildFile; fileRef = F48E64C41AD1C270006E411C /* MapKit.framework */; };
		F4E83ECD1AD1EF7F00055A9D /* arrayList.json in Resources */ = {isa = PBXBuildFile; fileRef = F4E83ECC1AD1EF7F00055A9D /* arrayList.json */; };
		F4E83ECF1AD1EFF300055A9D /* arrayList.json in CopyFiles */ = {isa = PBXBuildFile; fileRef = F4E83ECC1AD1EF7F00055A9D /* arrayList.json */; };
/* End PBXBuildFile section */

/* Begin PBXContainerItemProxy section */
		F44394E11AB3668800C1D4F5 /* PBXContainerItemProxy */ = {
			isa = PBXContainerItemProxy;
			containerPortal = F44394BF1AB3668800C1D4F5 /* Project object */;
			proxyType = 1;
			remoteGlobalIDString = F44394C61AB3668800C1D4F5;
			remoteInfo = "Mobile Application II Project";
		};
/* End PBXContainerItemProxy section */

/* Begin PBXCopyFilesBuildPhase section */
		F4E83ECE1AD1EFE800055A9D /* CopyFiles */ = {
			isa = PBXCopyFilesBuildPhase;
			buildActionMask = 2147483647;
			dstPath = "";
			dstSubfolderSpec = 7;
			files = (
				F4E83ECF1AD1EFF300055A9D /* arrayList.json in CopyFiles */,
			);
			runOnlyForDeploymentPostprocessing = 0;
		};
/* End PBXCopyFilesBuildPhase section */

/* Begin PBXFileReference section */
		48D47FD11AD595C2002A4C12 /* GoogleMaps.framework */ = {isa = PBXFileReference; lastKnownFileType = wrapper.framework; path = GoogleMaps.framework; sourceTree = "<group>"; };
		F44394C71AB3668800C1D4F5 /* Mobile Application II Project.app */ = {isa = PBXFileReference; explicitFileType = wrapper.application; includeInIndex = 0; path = "Mobile Application II Project.app"; sourceTree = BUILT_PRODUCTS_DIR; };
		F44394CB1AB3668800C1D4F5 /* Info.plist */ = {isa = PBXFileReference; lastKnownFileType = text.plist.xml; path = Info.plist; sourceTree = "<group>"; };
		F44394CC1AB3668800C1D4F5 /* main.m */ = {isa = PBXFileReference; lastKnownFileType = sourcecode.c.objc; path = main.m; sourceTree = "<group>"; };
		F44394CE1AB3668800C1D4F5 /* AppDelegate.h */ = {isa = PBXFileReference; lastKnownFileType = sourcecode.c.h; path = AppDelegate.h; sourceTree = "<group>"; };
		F44394CF1AB3668800C1D4F5 /* AppDelegate.m */ = {isa = PBXFileReference; lastKnownFileType = sourcecode.c.objc; path = AppDelegate.m; sourceTree = "<group>"; };
		F44394D11AB3668800C1D4F5 /* ViewController.h */ = {isa = PBXFileReference; lastKnownFileType = sourcecode.c.h; path = ViewController.h; sourceTree = "<group>"; };
		F44394D21AB3668800C1D4F5 /* ViewController.m */ = {isa = PBXFileReference; lastKnownFileType = sourcecode.c.objc; path = ViewController.m; sourceTree = "<group>"; };
		F44394D51AB3668800C1D4F5 /* Base */ = {isa = PBXFileReference; lastKnownFileType = file.storyboard; name = Base; path = Base.lproj/Main.storyboard; sourceTree = "<group>"; };
		F44394D71AB3668800C1D4F5 /* Images.xcassets */ = {isa = PBXFileReference; lastKnownFileType = folder.assetcatalog; path = Images.xcassets; sourceTree = "<group>"; };
		F44394DA1AB3668800C1D4F5 /* Base */ = {isa = PBXFileReference; lastKnownFileType = file.xib; name = Base; path = Base.lproj/LaunchScreen.xib; sourceTree = "<group>"; };
		F44394E01AB3668800C1D4F5 /* Mobile Application II ProjectTests.xctest */ = {isa = PBXFileReference; explicitFileType = wrapper.cfbundle; includeInIndex = 0; path = "Mobile Application II ProjectTests.xctest"; sourceTree = BUILT_PRODUCTS_DIR; };
		F44394E51AB3668800C1D4F5 /* Info.plist */ = {isa = PBXFileReference; lastKnownFileType = text.plist.xml; path = Info.plist; sourceTree = "<group>"; };
		F44394E61AB3668800C1D4F5 /* Mobile_Application_II_ProjectTests.m */ = {isa = PBXFileReference; lastKnownFileType = sourcecode.c.objc; path = Mobile_Application_II_ProjectTests.m; sourceTree = "<group>"; };
		F467E5F91AD1F6A700EA6C96 /* Statements.h */ = {isa = PBXFileReference; fileEncoding = 4; lastKnownFileType = sourcecode.c.h; path = Statements.h; sourceTree = "<group>"; };
		F467E5FA1AD1F6A700EA6C96 /* Statements.m */ = {isa = PBXFileReference; fileEncoding = 4; lastKnownFileType = sourcecode.c.objc; path = Statements.m; sourceTree = "<group>"; };
		F467E5FC1AD1F80900EA6C96 /* DisplayStatements.h */ = {isa = PBXFileReference; fileEncoding = 4; lastKnownFileType = sourcecode.c.h; path = DisplayStatements.h; sourceTree = "<group>"; };
		F467E5FD1AD1F80900EA6C96 /* DisplayStatements.m */ = {isa = PBXFileReference; fileEncoding = 4; lastKnownFileType = sourcecode.c.objc; path = DisplayStatements.m; sourceTree = "<group>"; };
		F467E5FF1AD1F87C00EA6C96 /* DownloadAndDisplayStatements.h */ = {isa = PBXFileReference; fileEncoding = 4; lastKnownFileType = sourcecode.c.h; name = DownloadAndDisplayStatements.h; path = ../DownloadAndDisplayStatements.h; sourceTree = "<group>"; };
		F467E6001AD1F87C00EA6C96 /* DownloadAndDisplayStatements.m */ = {isa = PBXFileReference; fileEncoding = 4; lastKnownFileType = sourcecode.c.objc; name = DownloadAndDisplayStatements.m; path = ../DownloadAndDisplayStatements.m; sourceTree = "<group>"; };
		F467E6031AD1FB2D00EA6C96 /* Statement.h */ = {isa = PBXFileReference; fileEncoding = 4; lastKnownFileType = sourcecode.c.h; path = Statement.h; sourceTree = "<group>"; };
		F467E6041AD1FB2D00EA6C96 /* Statement.m */ = {isa = PBXFileReference; fileEncoding = 4; lastKnownFileType = sourcecode.c.objc; path = Statement.m; sourceTree = "<group>"; };
		F48DF8CC1AD1C8C2009BF024 /* libsqlite3.dylib */ = {isa = PBXFileReference; lastKnownFileType = "compiled.mach-o.dylib"; name = libsqlite3.dylib; path = usr/lib/libsqlite3.dylib; sourceTree = SDKROOT; };
		F48E64C11AD1BE25006E411C /* DBManager.h */ = {isa = PBXFileReference; fileEncoding = 4; lastKnownFileType = sourcecode.c.h; path = DBManager.h; sourceTree = "<group>"; };
		F48E64C21AD1BE25006E411C /* DBManager.m */ = {isa = PBXFileReference; fileEncoding = 4; lastKnownFileType = sourcecode.c.objc; path = DBManager.m; sourceTree = "<group>"; };
		F48E64C41AD1C270006E411C /* MapKit.framework */ = {isa = PBXFileReference; lastKnownFileType = wrapper.framework; name = MapKit.framework; path = System/Library/Frameworks/MapKit.framework; sourceTree = SDKROOT; };
		F4E83ECC1AD1EF7F00055A9D /* arrayList.json */ = {isa = PBXFileReference; fileEncoding = 4; lastKnownFileType = text.json; path = arrayList.json; sourceTree = "<group>"; };
/* End PBXFileReference section */

/* Begin PBXFrameworksBuildPhase section */
		F44394C41AB3668800C1D4F5 /* Frameworks */ = {
			isa = PBXFrameworksBuildPhase;
			buildActionMask = 2147483647;
			files = (
				48D4808C1AD595C2002A4C12 /* GoogleMaps.framework in Frameworks */,
				F48DF8CD1AD1C8C2009BF024 /* libsqlite3.dylib in Frameworks */,
				F48E64C51AD1C270006E411C /* MapKit.framework in Frameworks */,
			);
			runOnlyForDeploymentPostprocessing = 0;
		};
		F44394DD1AB3668800C1D4F5 /* Frameworks */ = {
			isa = PBXFrameworksBuildPhase;
			buildActionMask = 2147483647;
			files = (
				48D4808D1AD595C2002A4C12 /* GoogleMaps.framework in Frameworks */,
			);
			runOnlyForDeploymentPostprocessing = 0;
		};
/* End PBXFrameworksBuildPhase section */

/* Begin PBXGroup section */
		F44394BE1AB3668800C1D4F5 = {
			isa = PBXGroup;
			children = (
				48D47FD11AD595C2002A4C12 /* GoogleMaps.framework */,
				F48DF8CC1AD1C8C2009BF024 /* libsqlite3.dylib */,
				F48E64C41AD1C270006E411C /* MapKit.framework */,
				F44394C91AB3668800C1D4F5 /* Mobile Application II Project */,
				F44394E31AB3668800C1D4F5 /* Mobile Application II ProjectTests */,
				F44394C81AB3668800C1D4F5 /* Products */,
				F4E83ECC1AD1EF7F00055A9D /* arrayList.json */,
			);
			sourceTree = "<group>";
		};
		F44394C81AB3668800C1D4F5 /* Products */ = {
			isa = PBXGroup;
			children = (
				F44394C71AB3668800C1D4F5 /* Mobile Application II Project.app */,
				F44394E01AB3668800C1D4F5 /* Mobile Application II ProjectTests.xctest */,
			);
			name = Products;
			sourceTree = "<group>";
		};
		F44394C91AB3668800C1D4F5 /* Mobile Application II Project */ = {
			isa = PBXGroup;
			children = (
				F44394CE1AB3668800C1D4F5 /* AppDelegate.h */,
				F44394CF1AB3668800C1D4F5 /* AppDelegate.m */,
				F44394D11AB3668800C1D4F5 /* ViewController.h */,
				F44394D21AB3668800C1D4F5 /* ViewController.m */,
				F44394D41AB3668800C1D4F5 /* Main.storyboard */,
				F48E64C11AD1BE25006E411C /* DBManager.h */,
				F48E64C21AD1BE25006E411C /* DBManager.m */,
				F44394D71AB3668800C1D4F5 /* Images.xcassets */,
				F44394D91AB3668800C1D4F5 /* LaunchScreen.xib */,
				F44394CA1AB3668800C1D4F5 /* Supporting Files */,
				F467E6021AD1F8E700EA6C96 /* Statements */,
			);
			path = "Mobile Application II Project";
			sourceTree = "<group>";
		};
		F44394CA1AB3668800C1D4F5 /* Supporting Files */ = {
			isa = PBXGroup;
			children = (
				F44394CB1AB3668800C1D4F5 /* Info.plist */,
				F44394CC1AB3668800C1D4F5 /* main.m */,
			);
			name = "Supporting Files";
			sourceTree = "<group>";
		};
		F44394E31AB3668800C1D4F5 /* Mobile Application II ProjectTests */ = {
			isa = PBXGroup;
			children = (
				F44394E61AB3668800C1D4F5 /* Mobile_Application_II_ProjectTests.m */,
				F44394E41AB3668800C1D4F5 /* Supporting Files */,
			);
			path = "Mobile Application II ProjectTests";
			sourceTree = "<group>";
		};
		F44394E41AB3668800C1D4F5 /* Supporting Files */ = {
			isa = PBXGroup;
			children = (
				F44394E51AB3668800C1D4F5 /* Info.plist */,
			);
			name = "Supporting Files";
			sourceTree = "<group>";
		};
		F467E6021AD1F8E700EA6C96 /* Statements */ = {
			isa = PBXGroup;
			children = (
				F467E6031AD1FB2D00EA6C96 /* Statement.h */,
				F467E6041AD1FB2D00EA6C96 /* Statement.m */,
				F467E5F91AD1F6A700EA6C96 /* Statements.h */,
				F467E5FA1AD1F6A700EA6C96 /* Statements.m */,
				F467E5FC1AD1F80900EA6C96 /* DisplayStatements.h */,
				F467E5FD1AD1F80900EA6C96 /* DisplayStatements.m */,
				F467E5FF1AD1F87C00EA6C96 /* DownloadAndDisplayStatements.h */,
				F467E6001AD1F87C00EA6C96 /* DownloadAndDisplayStatements.m */,
			);
			name = Statements;
			sourceTree = "<group>";
		};
/* End PBXGroup section */

/* Begin PBXNativeTarget section */
		F44394C61AB3668800C1D4F5 /* Mobile Application II Project */ = {
			isa = PBXNativeTarget;
			buildConfigurationList = F44394EA1AB3668800C1D4F5 /* Build configuration list for PBXNativeTarget "Mobile Application II Project" */;
			buildPhases = (
				F44394C31AB3668800C1D4F5 /* Sources */,
				F44394C41AB3668800C1D4F5 /* Frameworks */,
				F44394C51AB3668800C1D4F5 /* Resources */,
				F4E83ECE1AD1EFE800055A9D /* CopyFiles */,
			);
			buildRules = (
			);
			dependencies = (
			);
			name = "Mobile Application II Project";
			productName = "Mobile Application II Project";
			productReference = F44394C71AB3668800C1D4F5 /* Mobile Application II Project.app */;
			productType = "com.apple.product-type.application";
		};
		F44394DF1AB3668800C1D4F5 /* Mobile Application II ProjectTests */ = {
			isa = PBXNativeTarget;
			buildConfigurationList = F44394ED1AB3668800C1D4F5 /* Build configuration list for PBXNativeTarget "Mobile Application II ProjectTests" */;
			buildPhases = (
				F44394DC1AB3668800C1D4F5 /* Sources */,
				F44394DD1AB3668800C1D4F5 /* Frameworks */,
				F44394DE1AB3668800C1D4F5 /* Resources */,
			);
			buildRules = (
			);
			dependencies = (
				F44394E21AB3668800C1D4F5 /* PBXTargetDependency */,
			);
			name = "Mobile Application II ProjectTests";
			productName = "Mobile Application II ProjectTests";
			productReference = F44394E01AB3668800C1D4F5 /* Mobile Application II ProjectTests.xctest */;
			productType = "com.apple.product-type.bundle.unit-test";
		};
/* End PBXNativeTarget section */

/* Begin PBXProject section */
		F44394BF1AB3668800C1D4F5 /* Project object */ = {
			isa = PBXProject;
			attributes = {
				LastUpgradeCheck = 0610;
				ORGANIZATIONNAME = COMP3097;
				TargetAttributes = {
					F44394C61AB3668800C1D4F5 = {
						CreatedOnToolsVersion = 6.1.1;
						SystemCapabilities = {
							com.apple.Maps.iOS = {
								enabled = 1;
							};
						};
					};
					F44394DF1AB3668800C1D4F5 = {
						CreatedOnToolsVersion = 6.1.1;
						TestTargetID = F44394C61AB3668800C1D4F5;
					};
				};
			};
			buildConfigurationList = F44394C21AB3668800C1D4F5 /* Build configuration list for PBXProject "Mobile Application II Project" */;
			compatibilityVersion = "Xcode 3.2";
			developmentRegion = English;
			hasScannedForEncodings = 0;
			knownRegions = (
				en,
				Base,
				ar,
				ca,
				cs,
				da,
				de,
				el,
				en_GB,
				es,
				fi,
				fr,
				he,
				hr,
				hu,
				id,
				it,
				ja,
				ko,
				ms,
				nl,
				no,
				pl,
				pt,
				pt_PT,
				ro,
				ru,
				sk,
				sv,
				th,
				tr,
				uk,
				vi,
				zh_CN,
				zh_TW,
			);
			mainGroup = F44394BE1AB3668800C1D4F5;
			productRefGroup = F44394C81AB3668800C1D4F5 /* Products */;
			projectDirPath = "";
			projectRoot = "";
			targets = (
				F44394C61AB3668800C1D4F5 /* Mobile Application II Project */,
				F44394DF1AB3668800C1D4F5 /* Mobile Application II ProjectTests */,
			);
		};
/* End PBXProject section */

/* Begin PBXResourcesBuildPhase section */
		F44394C51AB3668800C1D4F5 /* Resources */ = {
			isa = PBXResourcesBuildPhase;
			buildActionMask = 2147483647;
			files = (
				F44394D61AB3668800C1D4F5 /* Main.storyboard in Resources */,
				F4E83ECD1AD1EF7F00055A9D /* arrayList.json in Resources */,
				F44394DB1AB3668800C1D4F5 /* LaunchScreen.xib in Resources */,
				F44394D81AB3668800C1D4F5 /* Images.xcassets in Resources */,
			);
			runOnlyForDeploymentPostprocessing = 0;
		};
		F44394DE1AB3668800C1D4F5 /* Resources */ = {
			isa = PBXResourcesBuildPhase;
			buildActionMask = 2147483647;
			files = (
			);
			runOnlyForDeploymentPostprocessing = 0;
		};
/* End PBXResourcesBuildPhase section */

/* Begin PBXSourcesBuildPhase section */
		F44394C31AB3668800C1D4F5 /* Sources */ = {
			isa = PBXSourcesBuildPhase;
			buildActionMask = 2147483647;
			files = (
				F44394D31AB3668800C1D4F5 /* ViewController.m in Sources */,
				F44394D01AB3668800C1D4F5 /* AppDelegate.m in Sources */,
				F467E5FE1AD1F80900EA6C96 /* DisplayStatements.m in Sources */,
				F467E6051AD1FB2D00EA6C96 /* Statement.m in Sources */,
				F44394CD1AB3668800C1D4F5 /* main.m in Sources */,
				F467E6011AD1F87C00EA6C96 /* DownloadAndDisplayStatements.m in Sources */,
				F48E64C31AD1BE25006E411C /* DBManager.m in Sources */,
				F467E5FB1AD1F6A700EA6C96 /* Statements.m in Sources */,
			);
			runOnlyForDeploymentPostprocessing = 0;
		};
		F44394DC1AB3668800C1D4F5 /* Sources */ = {
			isa = PBXSourcesBuildPhase;
			buildActionMask = 2147483647;
			files = (
				F44394E71AB3668800C1D4F5 /* Mobile_Application_II_ProjectTests.m in Sources */,
			);
			runOnlyForDeploymentPostprocessing = 0;
		};
/* End PBXSourcesBuildPhase section */

/* Begin PBXTargetDependency section */
		F44394E21AB3668800C1D4F5 /* PBXTargetDependency */ = {
			isa = PBXTargetDependency;
			target = F44394C61AB3668800C1D4F5 /* Mobile Application II Project */;
			targetProxy = F44394E11AB3668800C1D4F5 /* PBXContainerItemProxy */;
		};
/* End PBXTargetDependency section */

/* Begin PBXVariantGroup section */
		F44394D41AB3668800C1D4F5 /* Main.storyboard */ = {
			isa = PBXVariantGroup;
			children = (
				F44394D51AB3668800C1D4F5 /* Base */,
			);
			name = Main.storyboard;
			sourceTree = "<group>";
		};
		F44394D91AB3668800C1D4F5 /* LaunchScreen.xib */ = {
			isa = PBXVariantGroup;
			children = (
				F44394DA1AB3668800C1D4F5 /* Base */,
			);
			name = LaunchScreen.xib;
			sourceTree = "<group>";
		};
/* End PBXVariantGroup section */

/* Begin XCBuildConfiguration section */
		F44394E81AB3668800C1D4F5 /* Debug */ = {
			isa = XCBuildConfiguration;
			buildSettings = {
				ALWAYS_SEARCH_USER_PATHS = NO;
				CLANG_CXX_LANGUAGE_STANDARD = "gnu++0x";
				CLANG_CXX_LIBRARY = "libc++";
				CLANG_ENABLE_MODULES = YES;
				CLANG_ENABLE_OBJC_ARC = YES;
				CLANG_WARN_BOOL_CONVERSION = YES;
				CLANG_WARN_CONSTANT_CONVERSION = YES;
				CLANG_WARN_DIRECT_OBJC_ISA_USAGE = YES_ERROR;
				CLANG_WARN_EMPTY_BODY = YES;
				CLANG_WARN_ENUM_CONVERSION = YES;
				CLANG_WARN_INT_CONVERSION = YES;
				CLANG_WARN_OBJC_ROOT_CLASS = YES_ERROR;
				CLANG_WARN_UNREACHABLE_CODE = YES;
				CLANG_WARN__DUPLICATE_METHOD_MATCH = YES;
				"CODE_SIGN_IDENTITY[sdk=iphoneos*]" = "iPhone Developer";
				COPY_PHASE_STRIP = NO;
				ENABLE_STRICT_OBJC_MSGSEND = YES;
				GCC_C_LANGUAGE_STANDARD = gnu99;
				GCC_DYNAMIC_NO_PIC = NO;
				GCC_OPTIMIZATION_LEVEL = 0;
				GCC_PREPROCESSOR_DEFINITIONS = (
					"DEBUG=1",
					"$(inherited)",
				);
				GCC_SYMBOLS_PRIVATE_EXTERN = NO;
				GCC_WARN_64_TO_32_BIT_CONVERSION = YES;
				GCC_WARN_ABOUT_RETURN_TYPE = YES_ERROR;
				GCC_WARN_UNDECLARED_SELECTOR = YES;
				GCC_WARN_UNINITIALIZED_AUTOS = YES_AGGRESSIVE;
				GCC_WARN_UNUSED_FUNCTION = YES;
				GCC_WARN_UNUSED_VARIABLE = YES;
				IPHONEOS_DEPLOYMENT_TARGET = 8.1;
				MTL_ENABLE_DEBUG_INFO = YES;
				ONLY_ACTIVE_ARCH = YES;
				SDKROOT = iphoneos;
			};
			name = Debug;
		};
		F44394E91AB3668800C1D4F5 /* Release */ = {
			isa = XCBuildConfiguration;
			buildSettings = {
				ALWAYS_SEARCH_USER_PATHS = NO;
				CLANG_CXX_LANGUAGE_STANDARD = "gnu++0x";
				CLANG_CXX_LIBRARY = "libc++";
				CLANG_ENABLE_MODULES = YES;
				CLANG_ENABLE_OBJC_ARC = YES;
				CLANG_WARN_BOOL_CONVERSION = YES;
				CLANG_WARN_CONSTANT_CONVERSION = YES;
				CLANG_WARN_DIRECT_OBJC_ISA_USAGE = YES_ERROR;
				CLANG_WARN_EMPTY_BODY = YES;
				CLANG_WARN_ENUM_CONVERSION = YES;
				CLANG_WARN_INT_CONVERSION = YES;
				CLANG_WARN_OBJC_ROOT_CLASS = YES_ERROR;
				CLANG_WARN_UNREACHABLE_CODE = YES;
				CLANG_WARN__DUPLICATE_METHOD_MATCH = YES;
				"CODE_SIGN_IDENTITY[sdk=iphoneos*]" = "iPhone Developer";
				COPY_PHASE_STRIP = YES;
				ENABLE_NS_ASSERTIONS = NO;
				ENABLE_STRICT_OBJC_MSGSEND = YES;
				GCC_C_LANGUAGE_STANDARD = gnu99;
				GCC_WARN_64_TO_32_BIT_CONVERSION = YES;
				GCC_WARN_ABOUT_RETURN_TYPE = YES_ERROR;
				GCC_WARN_UNDECLARED_SELECTOR = YES;
				GCC_WARN_UNINITIALIZED_AUTOS = YES_AGGRESSIVE;
				GCC_WARN_UNUSED_FUNCTION = YES;
				GCC_WARN_UNUSED_VARIABLE = YES;
				IPHONEOS_DEPLOYMENT_TARGET = 8.1;
				MTL_ENABLE_DEBUG_INFO = NO;
				SDKROOT = iphoneos;
				VALIDATE_PRODUCT = YES;
			};
			name = Release;
		};
		F44394EB1AB3668800C1D4F5 /* Debug */ = {
			isa = XCBuildConfiguration;
			buildSettings = {
				ASSETCATALOG_COMPILER_APPICON_NAME = AppIcon;
				FRAMEWORK_SEARCH_PATHS = (
					"$(inherited)",
					"$(PROJECT_DIR)",
					"$(PROJECT_DIR)/GoogleMapsSDKDemos",
				);
				INFOPLIST_FILE = "Mobile Application II Project/Info.plist";
				LD_RUNPATH_SEARCH_PATHS = "$(inherited) @executable_path/Frameworks";
				PRODUCT_NAME = "$(TARGET_NAME)";
			};
			name = Debug;
		};
		F44394EC1AB3668800C1D4F5 /* Release */ = {
			isa = XCBuildConfiguration;
			buildSettings = {
				ASSETCATALOG_COMPILER_APPICON_NAME = AppIcon;
				FRAMEWORK_SEARCH_PATHS = (
					"$(inherited)",
					"$(PROJECT_DIR)",
					"$(PROJECT_DIR)/GoogleMapsSDKDemos",
				);
				INFOPLIST_FILE = "Mobile Application II Project/Info.plist";
				LD_RUNPATH_SEARCH_PATHS = "$(inherited) @executable_path/Frameworks";
				PRODUCT_NAME = "$(TARGET_NAME)";
			};
			name = Release;
		};
		F44394EE1AB3668800C1D4F5 /* Debug */ = {
			isa = XCBuildConfiguration;
			buildSettings = {
				BUNDLE_LOADER = "$(TEST_HOST)";
				FRAMEWORK_SEARCH_PATHS = (
					"$(SDKROOT)/Developer/Library/Frameworks",
					"$(inherited)",
					"$(PROJECT_DIR)",
					"$(PROJECT_DIR)/GoogleMapsSDKDemos",
				);
				GCC_PREPROCESSOR_DEFINITIONS = (
					"DEBUG=1",
					"$(inherited)",
				);
				INFOPLIST_FILE = "Mobile Application II ProjectTests/Info.plist";
				LD_RUNPATH_SEARCH_PATHS = "$(inherited) @executable_path/Frameworks @loader_path/Frameworks";
				PRODUCT_NAME = "$(TARGET_NAME)";
				TEST_HOST = "$(BUILT_PRODUCTS_DIR)/Mobile Application II Project.app/Mobile Application II Project";
			};
			name = Debug;
		};
		F44394EF1AB3668800C1D4F5 /* Release */ = {
			isa = XCBuildConfiguration;
			buildSettings = {
				BUNDLE_LOADER = "$(TEST_HOST)";
				FRAMEWORK_SEARCH_PATHS = (
					"$(SDKROOT)/Developer/Library/Frameworks",
					"$(inherited)",
					"$(PROJECT_DIR)",
					"$(PROJECT_DIR)/GoogleMapsSDKDemos",
				);
				INFOPLIST_FILE = "Mobile Application II ProjectTests/Info.plist";
				LD_RUNPATH_SEARCH_PATHS = "$(inherited) @executable_path/Frameworks @loader_path/Frameworks";
				PRODUCT_NAME = "$(TARGET_NAME)";
				TEST_HOST = "$(BUILT_PRODUCTS_DIR)/Mobile Application II Project.app/Mobile Application II Project";
			};
			name = Release;
		};
/* End XCBuildConfiguration section */

/* Begin XCConfigurationList section */
		F44394C21AB3668800C1D4F5 /* Build configuration list for PBXProject "Mobile Application II Project" */ = {
			isa = XCConfigurationList;
			buildConfigurations = (
				F44394E81AB3668800C1D4F5 /* Debug */,
				F44394E91AB3668800C1D4F5 /* Release */,
			);
			defaultConfigurationIsVisible = 0;
			defaultConfigurationName = Release;
		};
		F44394EA1AB3668800C1D4F5 /* Build configuration list for PBXNativeTarget "Mobile Application II Project" */ = {
			isa = XCConfigurationList;
			buildConfigurations = (
				F44394EB1AB3668800C1D4F5 /* Debug */,
				F44394EC1AB3668800C1D4F5 /* Release */,
			);
			defaultConfigurationIsVisible = 0;
			defaultConfigurationName = Release;
		};
		F44394ED1AB3668800C1D4F5 /* Build configuration list for PBXNativeTarget "Mobile Application II ProjectTests" */ = {
			isa = XCConfigurationList;
			buildConfigurations = (
				F44394EE1AB3668800C1D4F5 /* Debug */,
				F44394EF1AB3668800C1D4F5 /* Release */,
			);
			defaultConfigurationIsVisible = 0;
			defaultConfigurationName = Release;
		};
/* End XCConfigurationList section */
	};
	rootObject = F44394BF1AB3668800C1D4F5 /* Project object */;
}
